// !$*UTF8*$!
{
	archiveVersion = 1;
	classes = {
	};
	objectVersion = 50;
	objects = {

/* Begin PBXBuildFile section */
		161E7A332316D4DE00324BC0 /* main.swift in Sources */ = {isa = PBXBuildFile; fileRef = 161E7A322316D4DE00324BC0 /* main.swift */; };
		161E7A3A2316D4F000324BC0 /* BinaryOperators.swift in Sources */ = {isa = PBXBuildFile; fileRef = 161E7A392316D4F000324BC0 /* BinaryOperators.swift */; };
		161E7A3C2316D4F600324BC0 /* CLikeIncrementOperator.swift in Sources */ = {isa = PBXBuildFile; fileRef = 161E7A3B2316D4F600324BC0 /* CLikeIncrementOperator.swift */; };
		161E7A3E2316D4FC00324BC0 /* OverflowOperators.swift in Sources */ = {isa = PBXBuildFile; fileRef = 161E7A3D2316D4FC00324BC0 /* OverflowOperators.swift */; };
		16D9AF052316D56600C62265 /* CompositionOperator.swift in Sources */ = {isa = PBXBuildFile; fileRef = 16D9AF042316D56600C62265 /* CompositionOperator.swift */; };
/* End PBXBuildFile section */

/* Begin PBXCopyFilesBuildPhase section */
		161E7A2D2316D4DE00324BC0 /* CopyFiles */ = {
			isa = PBXCopyFilesBuildPhase;
			buildActionMask = 2147483647;
			dstPath = /usr/share/man/man1/;
			dstSubfolderSpec = 0;
			files = (
			);
			runOnlyForDeploymentPostprocessing = 1;
		};
/* End PBXCopyFilesBuildPhase section */

/* Begin PBXFileReference section */
		161E7A2F2316D4DE00324BC0 /* SwiftOperators */ = {isa = PBXFileReference; explicitFileType = "compiled.mach-o.executable"; includeInIndex = 0; path = SwiftOperators; sourceTree = BUILT_PRODUCTS_DIR; };
		161E7A322316D4DE00324BC0 /* main.swift */ = {isa = PBXFileReference; lastKnownFileType = sourcecode.swift; path = main.swift; sourceTree = "<group>"; };
		161E7A392316D4F000324BC0 /* BinaryOperators.swift */ = {isa = PBXFileReference; fileEncoding = 4; lastKnownFileType = sourcecode.swift; path = BinaryOperators.swift; sourceTree = "<group>"; };
		161E7A3B2316D4F600324BC0 /* CLikeIncrementOperator.swift */ = {isa = PBXFileReference; fileEncoding = 4; lastKnownFileType = sourcecode.swift; path = CLikeIncrementOperator.swift; sourceTree = "<group>"; };
		161E7A3D2316D4FC00324BC0 /* OverflowOperators.swift */ = {isa = PBXFileReference; fileEncoding = 4; lastKnownFileType = sourcecode.swift; path = OverflowOperators.swift; sourceTree = "<group>"; };
		16D9AF042316D56600C62265 /* CompositionOperator.swift */ = {isa = PBXFileReference; lastKnownFileType = sourcecode.swift; path = CompositionOperator.swift; sourceTree = "<group>"; };
/* End PBXFileReference section */

/* Begin PBXFrameworksBuildPhase section */
		161E7A2C2316D4DE00324BC0 /* Frameworks */ = {
			isa = PBXFrameworksBuildPhase;
			buildActionMask = 2147483647;
			files = (
			);
			runOnlyForDeploymentPostprocessing = 0;
		};
/* End PBXFrameworksBuildPhase section */

/* Begin PBXGroup section */
		161E7A262316D4DE00324BC0 = {
			isa = PBXGroup;
			children = (
				161E7A312316D4DE00324BC0 /* SwiftOperators */,
				161E7A302316D4DE00324BC0 /* Products */,
			);
			sourceTree = "<group>";
		};
		161E7A302316D4DE00324BC0 /* Products */ = {
			isa = PBXGroup;
			children = (
				161E7A2F2316D4DE00324BC0 /* SwiftOperators */,
			);
			name = Products;
			sourceTree = "<group>";
		};
		161E7A312316D4DE00324BC0 /* SwiftOperators */ = {
			isa = PBXGroup;
			children = (
				161E7A322316D4DE00324BC0 /* main.swift */,
				161E7A392316D4F000324BC0 /* BinaryOperators.swift */,
				161E7A3D2316D4FC00324BC0 /* OverflowOperators.swift */,
				161E7A3B2316D4F600324BC0 /* CLikeIncrementOperator.swift */,
				16D9AF042316D56600C62265 /* CompositionOperator.swift */,
			);
			path = SwiftOperators;
			sourceTree = "<group>";
		};
/* End PBXGroup section */

/* Begin PBXNativeTarget section */
		161E7A2E2316D4DE00324BC0 /* SwiftOperators */ = {
			isa = PBXNativeTarget;
			buildConfigurationList = 161E7A362316D4DE00324BC0 /* Build configuration list for PBXNativeTarget "SwiftOperators" */;
			buildPhases = (
				161E7A2B2316D4DE00324BC0 /* Sources */,
				161E7A2C2316D4DE00324BC0 /* Frameworks */,
				161E7A2D2316D4DE00324BC0 /* CopyFiles */,
			);
			buildRules = (
			);
			dependencies = (
			);
			name = SwiftOperators;
			productName = SwiftOperators;
			productReference = 161E7A2F2316D4DE00324BC0 /* SwiftOperators */;
			productType = "com.apple.product-type.tool";
		};
/* End PBXNativeTarget section */

/* Begin PBXProject section */
		161E7A272316D4DE00324BC0 /* Project object */ = {
			isa = PBXProject;
			attributes = {
				LastSwiftUpdateCheck = 1010;
				LastUpgradeCheck = 1010;
				ORGANIZATIONNAME = greynoso;
				TargetAttributes = {
					161E7A2E2316D4DE00324BC0 = {
						CreatedOnToolsVersion = 10.1;
					};
				};
			};
			buildConfigurationList = 161E7A2A2316D4DE00324BC0 /* Build configuration list for PBXProject "SwiftOperators" */;
			compatibilityVersion = "Xcode 9.3";
			developmentRegion = en;
			hasScannedForEncodings = 0;
			knownRegions = (
				en,
			);
			mainGroup = 161E7A262316D4DE00324BC0;
			productRefGroup = 161E7A302316D4DE00324BC0 /* Products */;
			projectDirPath = "";
			projectRoot = "";
			targets = (
				161E7A2E2316D4DE00324BC0 /* SwiftOperators */,
			);
		};
/* End PBXProject section */

/* Begin PBXSourcesBuildPhase section */
		161E7A2B2316D4DE00324BC0 /* Sources */ = {
			isa = PBXSourcesBuildPhase;
			buildActionMask = 2147483647;
			files = (
				161E7A3A2316D4F000324BC0 /* BinaryOperators.swift in Sources */,
				161E7A3E2316D4FC00324BC0 /* OverflowOperators.swift in Sources */,
				161E7A332316D4DE00324BC0 /* main.swift in Sources */,
				161E7A3C2316D4F600324BC0 /* CLikeIncrementOperator.swift in Sources */,
				16D9AF052316D56600C62265 /* CompositionOperator.swift in Sources */,
			);
			runOnlyForDeploymentPostprocessing = 0;
		};
/* End PBXSourcesBuildPhase section */

/* Begin XCBuildConfiguration section */
		161E7A342316D4DE00324BC0 /* Debug */ = {
			isa = XCBuildConfiguration;
			buildSettings = {
				ALWAYS_SEARCH_USER_PATHS = NO;
				CLANG_ANALYZER_NONNULL = YES;
				CLANG_ANALYZER_NUMBER_OBJECT_CONVERSION = YES_AGGRESSIVE;
				CLANG_CXX_LANGUAGE_STANDARD = "gnu++14";
				CLANG_CXX_LIBRARY = "libc++";
				CLANG_ENABLE_MODULES = YES;
				CLANG_ENABLE_OBJC_ARC = YES;
				CLANG_ENABLE_OBJC_WEAK = YES;
				CLANG_WARN_BLOCK_CAPTURE_AUTORELEASING = YES;
				CLANG_WARN_BOOL_CONVERSION = YES;
				CLANG_WARN_COMMA = YES;
				CLANG_WARN_CONSTANT_CONVERSION = YES;
				CLANG_WARN_DEPRECATED_OBJC_IMPLEMENTATIONS = YES;
				CLANG_WARN_DIRECT_OBJC_ISA_USAGE = YES_ERROR;
				CLANG_WARN_DOCUMENTATION_COMMENTS = YES;
				CLANG_WARN_EMPTY_BODY = YES;
				CLANG_WARN_ENUM_CONVERSION = YES;
				CLANG_WARN_INFINITE_RECURSION = YES;
				CLANG_WARN_INT_CONVERSION = YES;
				CLANG_WARN_NON_LITERAL_NULL_CONVERSION = YES;
				CLANG_WARN_OBJC_IMPLICIT_RETAIN_SELF = YES;
				CLANG_WARN_OBJC_LITERAL_CONVERSION = YES;
				CLANG_WARN_OBJC_ROOT_CLASS = YES_ERROR;
				CLANG_WARN_RANGE_LOOP_ANALYSIS = YES;
				CLANG_WARN_STRICT_PROTOTYPES = YES;
				CLANG_WARN_SUSPICIOUS_MOVE = YES;
				CLANG_WARN_UNGUARDED_AVAILABILITY = YES_AGGRESSIVE;
				CLANG_WARN_UNREACHABLE_CODE = YES;
				CLANG_WARN__DUPLICATE_METHOD_MATCH = YES;
				CODE_SIGN_IDENTITY = "-";
				COPY_PHASE_STRIP = NO;
				DEBUG_INFORMATION_FORMAT = dwarf;
				ENABLE_STRICT_OBJC_MSGSEND = YES;
				ENABLE_TESTABILITY = YES;
				GCC_C_LANGUAGE_STANDARD = gnu11;
				GCC_DYNAMIC_NO_PIC = NO;
				GCC_NO_COMMON_BLOCKS = YES;
				GCC_OPTIMIZATION_LEVEL = 0;
				GCC_PREPROCESSOR_DEFINITIONS = (
					"DEBUG=1",
					"$(inherited)",
				);
				GCC_WARN_64_TO_32_BIT_CONVERSION = YES;
				GCC_WARN_ABOUT_RETURN_TYPE = YES_ERROR;
				GCC_WARN_UNDECLARED_SELECTOR = YES;
				GCC_WARN_UNINITIALIZED_AUTOS = YES_AGGRESSIVE;
				GCC_WARN_UNUSED_FUNCTION = YES;
				GCC_WARN_UNUSED_VARIABLE = YES;
				MACOSX_DEPLOYMENT_TARGET = 10.14;
				MTL_ENABLE_DEBUG_INFO = INCLUDE_SOURCE;
				MTL_FAST_MATH = YES;
				ONLY_ACTIVE_ARCH = YES;
				SDKROOT = macosx;
				SWIFT_ACTIVE_COMPILATION_CONDITIONS = DEBUG;
				SWIFT_OPTIMIZATION_LEVEL = "-Onone";
			};
			name = Debug;
		};
		161E7A352316D4DE00324BC0 /* Release */ = {
			isa = XCBuildConfiguration;
			buildSettings = {
				ALWAYS_SEARCH_USER_PATHS = NO;
				CLANG_ANALYZER_NONNULL = YES;
				CLANG_ANALYZER_NUMBER_OBJECT_CONVERSION = YES_AGGRESSIVE;
				CLANG_CXX_LANGUAGE_STANDARD = "gnu++14";
				CLANG_CXX_LIBRARY = "libc++";
				CLANG_ENABLE_MODULES = YES;
				CLANG_ENABLE_OBJC_ARC = YES;
				CLANG_ENABLE_OBJC_WEAK = YES;
				CLANG_WARN_BLOCK_CAPTURE_AUTORELEASING = YES;
				CLANG_WARN_BOOL_CONVERSION = YES;
				CLANG_WARN_COMMA = YES;
				CLANG_WARN_CONSTANT_CONVERSION = YES;
				CLANG_WARN_DEPRECATED_OBJC_IMPLEMENTATIONS = YES;
				CLANG_WARN_DIRECT_OBJC_ISA_USAGE = YES_ERROR;
				CLANG_WARN_DOCUMENTATION_COMMENTS = YES;
				CLANG_WARN_EMPTY_BODY = YES;
				CLANG_WARN_ENUM_CONVERSION = YES;
				CLANG_WARN_INFINITE_RECURSION = YES;
				CLANG_WARN_INT_CONVERSION = YES;
				CLANG_WARN_NON_LITERAL_NULL_CONVERSION = YES;
				CLANG_WARN_OBJC_IMPLICIT_RETAIN_SELF = YES;
				CLANG_WARN_OBJC_LITERAL_CONVERSION = YES;
				CLANG_WARN_OBJC_ROOT_CLASS = YES_ERROR;
				CLANG_WARN_RANGE_LOOP_ANALYSIS = YES;
				CLANG_WARN_STRICT_PROTOTYPES = YES;
				CLANG_WARN_SUSPICIOUS_MOVE = YES;
				CLANG_WARN_UNGUARDED_AVAILABILITY = YES_AGGRESSIVE;
				CLANG_WARN_UNREACHABLE_CODE = YES;
				CLANG_WARN__DUPLICATE_METHOD_MATCH = YES;
				CODE_SIGN_IDENTITY = "-";
				COPY_PHASE_STRIP = NO;
				DEBUG_INFORMATION_FORMAT = "dwarf-with-dsym";
				ENABLE_NS_ASSERTIONS = NO;
				ENABLE_STRICT_OBJC_MSGSEND = YES;
				GCC_C_LANGUAGE_STANDARD = gnu11;
				GCC_NO_COMMON_BLOCKS = YES;
				GCC_WARN_64_TO_32_BIT_CONVERSION = YES;
				GCC_WARN_ABOUT_RETURN_TYPE = YES_ERROR;
				GCC_WARN_UNDECLARED_SELECTOR = YES;
				GCC_WARN_UNINITIALIZED_AUTOS = YES_AGGRESSIVE;
				GCC_WARN_UNUSED_FUNCTION = YES;
				GCC_WARN_UNUSED_VARIABLE = YES;
				MACOSX_DEPLOYMENT_TARGET = 10.14;
				MTL_ENABLE_DEBUG_INFO = NO;
				MTL_FAST_MATH = YES;
				SDKROOT = macosx;
				SWIFT_COMPILATION_MODE = wholemodule;
				SWIFT_OPTIMIZATION_LEVEL = "-O";
			};
			name = Release;
		};
		161E7A372316D4DE00324BC0 /* Debug */ = {
			isa = XCBuildConfiguration;
			buildSettings = {
				CODE_SIGN_STYLE = Automatic;
				PRODUCT_NAME = "$(TARGET_NAME)";
				SWIFT_VERSION = 4.2;
			};
			name = Debug;
		};
		161E7A382316D4DE00324BC0 /* Release */ = {
			isa = XCBuildConfiguration;
			buildSettings = {
				CODE_SIGN_STYLE = Automatic;
				PRODUCT_NAME = "$(TARGET_NAME)";
				SWIFT_VERSION = 4.2;
			};
			name = Release;
		};
/* End XCBuildConfiguration section */

/* Begin XCConfigurationList section */
		161E7A2A2316D4DE00324BC0 /* Build configuration list for PBXProject "SwiftOperators" */ = {
			isa = XCConfigurationList;
			buildConfigurations = (
				161E7A342316D4DE00324BC0 /* Debug */,
				161E7A352316D4DE00324BC0 /* Release */,
			);
			defaultConfigurationIsVisible = 0;
			defaultConfigurationName = Release;
		};
		161E7A362316D4DE00324BC0 /* Build configuration list for PBXNativeTarget "SwiftOperators" */ = {
			isa = XCConfigurationList;
			buildConfigurations = (
				161E7A372316D4DE00324BC0 /* Debug */,
				161E7A382316D4DE00324BC0 /* Release */,
			);
			defaultConfigurationIsVisible = 0;
			defaultConfigurationName = Release;
		};
/* End XCConfigurationList section */
	};
	rootObject = 161E7A272316D4DE00324BC0 /* Project object */;
}
